
Microsoft Visual Studio Solution File, Format Version 12.00
# Visual Studio Version 17
VisualStudioVersion = 17.6.33723.286
MinimumVisualStudioVersion = 10.0.40219.1
Project("{FAE04EC0-301F-11D3-BF4B-00C04F79EFBC}") = "MatrixCrud", "MatrixCrud\MatrixCrud.csproj", "{A9999870-9AD2-47D4-9762-40E9E51DB839}"
EndProject
Global
	GlobalSection(SolutionConfigurationPlatforms) = preSolution
		Debug|Any CPU = Debug|Any CPU
		Release|Any CPU = Release|Any CPU
	EndGlobalSection
	GlobalSection(ProjectConfigurationPlatforms) = postSolution
		{A9999870-9AD2-47D4-9762-40E9E51DB839}.Debug|Any CPU.ActiveCfg = Debug|Any CPU
		{A9999870-9AD2-47D4-9762-40E9E51DB839}.Debug|Any CPU.Build.0 = Debug|Any CPU
		{A9999870-9AD2-47D4-9762-40E9E51DB839}.Release|Any CPU.ActiveCfg = Release|Any CPU
		{A9999870-9AD2-47D4-9762-40E9E51DB839}.Release|Any CPU.Build.0 = Release|Any CPU
	EndGlobalSection
	GlobalSection(SolutionProperties) = preSolution
		HideSolutionNode = FALSE
	EndGlobalSection
	GlobalSection(ExtensibilityGlobals) = postSolution
		SolutionGuid = {5B44BDE4-8C7F-4D94-86BD-CA0572E004BB}
	EndGlobalSection
EndGlobal
